
Microsoft Visual Studio Solution File, Format Version 12.00
# Visual Studio Version 16
VisualStudioVersion = 16.0.30114.105
MinimumVisualStudioVersion = 10.0.40219.1
Project("{FAE04EC0-301F-11D3-BF4B-00C04F79EFBC}") = "_1", "_1\_1.csproj", "{A7928309-0C78-47EB-85BF-7D33F19F57C3}"
EndProject
Project("{FAE04EC0-301F-11D3-BF4B-00C04F79EFBC}") = "Helpers", "Helpers\Helpers.csproj", "{54E2ECA2-92B8-479A-8E97-0A29AEB3C973}"
EndProject
Global
	GlobalSection(SolutionConfigurationPlatforms) = preSolution
		Debug|Any CPU = Debug|Any CPU
		Release|Any CPU = Release|Any CPU
	EndGlobalSection
	GlobalSection(SolutionProperties) = preSolution
		HideSolutionNode = FALSE
	EndGlobalSection
	GlobalSection(ProjectConfigurationPlatforms) = postSolution
		{A7928309-0C78-47EB-85BF-7D33F19F57C3}.Debug|Any CPU.ActiveCfg = Debug|Any CPU
		{A7928309-0C78-47EB-85BF-7D33F19F57C3}.Debug|Any CPU.Build.0 = Debug|Any CPU
		{A7928309-0C78-47EB-85BF-7D33F19F57C3}.Release|Any CPU.ActiveCfg = Release|Any CPU
		{A7928309-0C78-47EB-85BF-7D33F19F57C3}.Release|Any CPU.Build.0 = Release|Any CPU
		{54E2ECA2-92B8-479A-8E97-0A29AEB3C973}.Debug|Any CPU.ActiveCfg = Debug|Any CPU
		{54E2ECA2-92B8-479A-8E97-0A29AEB3C973}.Debug|Any CPU.Build.0 = Debug|Any CPU
		{54E2ECA2-92B8-479A-8E97-0A29AEB3C973}.Release|Any CPU.ActiveCfg = Release|Any CPU
		{54E2ECA2-92B8-479A-8E97-0A29AEB3C973}.Release|Any CPU.Build.0 = Release|Any CPU
	EndGlobalSection
EndGlobal
